{
  "nodes": {
    "blip-src": {
      "flake": false,
      "locked": {
        "lastModified": 1772146382,
        "narHash": "sha256-aIP0WQSxkkUXGKWzv0E4rWq2rQDAa9ENbjSq3WTwLxo=",
        "owner": "pmarreck",
        "repo": "BLIP",
        "rev": "5a90a3c329d5d20567f7fb8363ed27d11b8826b9",
        "type": "github"
      },
      "original": {
        "owner": "pmarreck",
        "ref": "yolo",
        "repo": "BLIP",
        "type": "github"
      }
    },
    "flake-utils": {
      "inputs": {
        "systems": "systems"
      },
      "locked": {
        "lastModified": 1731533236,
        "narHash": "sha256-l0KFg5HjrsfsO/JpG+r7fRrqm12kzFHyUHqHCVpMMbI=",
        "owner": "numtide",
        "repo": "flake-utils",
        "rev": "11707dc2f618dd54ca8739b309ec4fc024de578b",
        "type": "github"
      },
      "original": {
        "owner": "numtide",
        "repo": "flake-utils",
        "type": "github"
      }
    },
    "nixpkgs": {
      "locked": {
        "lastModified": 1771923393,
        "narHash": "sha256-Fy0+UXELv9hOE8WjYhJt8fMDLYTU2Dqn3cX4BwoGBos=",
        "owner": "NixOS",
        "repo": "nixpkgs",
        "rev": "ea7f1f06811ce7fcc81d6c6fd4213150c23edcf2",
        "type": "github"
      },
      "original": {
        "owner": "NixOS",
        "ref": "nixpkgs-unstable",
        "repo": "nixpkgs",
        "type": "github"
      }
    },
    "printable-binary-src": {
      "flake": false,
      "locked": {
        "lastModified": 1772126021,
        "narHash": "sha256-MepnUBRxFR9n0VVdiQ/qaqgdGCXQiVKt67Yjn3Mx2hk=",
        "owner": "pmarreck",
        "repo": "printable-binary",
        "rev": "19039a978ff43e5b8ba5b7e66d8339dfc9f77e18",
        "type": "github"
      },
      "original": {
        "owner": "pmarreck",
        "ref": "yolo",
        "repo": "printable-binary",
        "type": "github"
      }
    },
    "progrez-src": {
      "flake": false,
      "locked": {
        "lastModified": 1772327058,
        "narHash": "sha256-lhZbKaUgfQnYJ940wJn0j7yZjlw8Px3jmoUEWxA/in0=",
        "owner": "pmarreck",
        "repo": "progrez",
        "rev": "aa7ce676595619246ed852ddfb30ae45ed061b47",
        "type": "github"
      },
      "original": {
        "owner": "pmarreck",
        "ref": "yolo",
        "repo": "progrez",
        "type": "github"
      }
    },
    "root": {
      "inputs": {
        "blip-src": "blip-src",
        "flake-utils": "flake-utils",
        "nixpkgs": "nixpkgs",
        "printable-binary-src": "printable-binary-src",
        "progrez-src": "progrez-src",
        "z7z-src": "z7z-src"
      }
    },
    "systems": {
      "locked": {
        "lastModified": 1681028828,
        "narHash": "sha256-Vy1rq5AaRuLzOxct8nz4T6wlgyUR7zLU309k9mBC768=",
        "owner": "nix-systems",
        "repo": "default",
        "rev": "da67096a3b9bf56a91d16901293e51ba5b49a27e",
        "type": "github"
      },
      "original": {
        "owner": "nix-systems",
        "repo": "default",
        "type": "github"
      }
    },
    "z7z-src": {
      "flake": false,
      "locked": {
        "lastModified": 1772144988,
        "narHash": "sha256-XxQnhDLFWMenY3RP8A6Odh8Wb2s0HiJUTKa839JEFM8=",
        "owner": "pmarreck",
        "repo": "z7z",
        "rev": "18e094eab1cb545c86a6b6e72cc9c48db3539ddd",
        "type": "github"
      },
      "original": {
        "owner": "pmarreck",
        "repo": "z7z",
        "rev": "18e094eab1cb545c86a6b6e72cc9c48db3539ddd",
        "type": "github"
      }
    }
  },
  "root": "root",
  "version": 7
}
