{
  "nodes": {
    "blip-src": {
      "flake": false,
      "locked": {
        "lastModified": 1772496655,
        "narHash": "sha256-dkvneezw646cAjg4S7dugZH6/ZIgtkraOAaywerQ8tQ=",
        "owner": "pmarreck",
        "repo": "BLIP",
        "rev": "67894bf3f6410dbc662cbb6d4b8bd002db2c1d74",
        "type": "github"
      },
      "original": {
        "owner": "pmarreck",
        "ref": "yolo",
        "repo": "BLIP",
        "type": "github"
      }
    },
    "bzip2z-src": {
      "flake": false,
      "locked": {
        "lastModified": 1772495497,
        "narHash": "sha256-TO1TjGHe8EB3whpYG4en9hT4NjTQKghGik9vdbhK86o=",
        "owner": "pmarreck",
        "repo": "bzip2z",
        "rev": "76d3ca8f35dad2c1393eb35d97332d5a8e9da2bb",
        "type": "github"
      },
      "original": {
        "owner": "pmarreck",
        "repo": "bzip2z",
        "rev": "76d3ca8f35dad2c1393eb35d97332d5a8e9da2bb",
        "type": "github"
      }
    },
    "flake-utils": {
      "inputs": {
        "systems": "systems"
      },
      "locked": {
        "lastModified": 1731533236,
        "narHash": "sha256-l0KFg5HjrsfsO/JpG+r7fRrqm12kzFHyUHqHCVpMMbI=",
        "owner": "numtide",
        "repo": "flake-utils",
        "rev": "11707dc2f618dd54ca8739b309ec4fc024de578b",
        "type": "github"
      },
      "original": {
        "owner": "numtide",
        "repo": "flake-utils",
        "type": "github"
      }
    },
    "lz4-src": {
      "flake": false,
      "locked": {
        "lastModified": 1772460269,
        "narHash": "sha256-rfSgrsabFHEI1O3EyoKCtEnY09UPbIifCovwCrd+N3U=",
        "owner": "pmarreck",
        "repo": "lz4",
        "rev": "675532cbcc0609ddfc44a6e13240902574579a25",
        "type": "github"
      },
      "original": {
        "owner": "pmarreck",
        "repo": "lz4",
        "rev": "675532cbcc0609ddfc44a6e13240902574579a25",
        "type": "github"
      }
    },
    "nixpkgs": {
      "locked": {
        "lastModified": 1771923393,
        "narHash": "sha256-Fy0+UXELv9hOE8WjYhJt8fMDLYTU2Dqn3cX4BwoGBos=",
        "owner": "NixOS",
        "repo": "nixpkgs",
        "rev": "ea7f1f06811ce7fcc81d6c6fd4213150c23edcf2",
        "type": "github"
      },
      "original": {
        "owner": "NixOS",
        "ref": "nixpkgs-unstable",
        "repo": "nixpkgs",
        "type": "github"
      }
    },
    "printable-binary-src": {
      "flake": false,
      "locked": {
        "lastModified": 1772126021,
        "narHash": "sha256-MepnUBRxFR9n0VVdiQ/qaqgdGCXQiVKt67Yjn3Mx2hk=",
        "owner": "pmarreck",
        "repo": "printable-binary",
        "rev": "19039a978ff43e5b8ba5b7e66d8339dfc9f77e18",
        "type": "github"
      },
      "original": {
        "owner": "pmarreck",
        "ref": "yolo",
        "repo": "printable-binary",
        "type": "github"
      }
    },
    "progrez-blip-src": {
      "flake": false,
      "locked": {
        "lastModified": 1772469665,
        "narHash": "sha256-yeOFp+wOILhYGfgUzvXxbxkaWGGzYssNrvYNWYuQ308=",
        "owner": "pmarreck",
        "repo": "progrez",
        "rev": "f338840d063e05cb6f886e365a8ddb1ade4a2bcd",
        "type": "github"
      },
      "original": {
        "owner": "pmarreck",
        "repo": "progrez",
        "rev": "f338840d063e05cb6f886e365a8ddb1ade4a2bcd",
        "type": "github"
      }
    },
    "progrez-src": {
      "flake": false,
      "locked": {
        "lastModified": 1772480347,
        "narHash": "sha256-tcQtrUZJu5VmRyngrJcriK8zOAmTdGUOq61FNQFrjDY=",
        "owner": "pmarreck",
        "repo": "progrez",
        "rev": "377256d88ef8e664177b88a66a361a46be4e4c83",
        "type": "github"
      },
      "original": {
        "owner": "pmarreck",
        "ref": "yolo",
        "repo": "progrez",
        "type": "github"
      }
    },
    "root": {
      "inputs": {
        "blip-src": "blip-src",
        "bzip2z-src": "bzip2z-src",
        "flake-utils": "flake-utils",
        "lz4-src": "lz4-src",
        "nixpkgs": "nixpkgs",
        "printable-binary-src": "printable-binary-src",
        "progrez-blip-src": "progrez-blip-src",
        "progrez-src": "progrez-src",
        "z7z-src": "z7z-src"
      }
    },
    "systems": {
      "locked": {
        "lastModified": 1681028828,
        "narHash": "sha256-Vy1rq5AaRuLzOxct8nz4T6wlgyUR7zLU309k9mBC768=",
        "owner": "nix-systems",
        "repo": "default",
        "rev": "da67096a3b9bf56a91d16901293e51ba5b49a27e",
        "type": "github"
      },
      "original": {
        "owner": "nix-systems",
        "repo": "default",
        "type": "github"
      }
    },
    "z7z-src": {
      "flake": false,
      "locked": {
        "lastModified": 1772144988,
        "narHash": "sha256-XxQnhDLFWMenY3RP8A6Odh8Wb2s0HiJUTKa839JEFM8=",
        "owner": "pmarreck",
        "repo": "z7z",
        "rev": "18e094eab1cb545c86a6b6e72cc9c48db3539ddd",
        "type": "github"
      },
      "original": {
        "owner": "pmarreck",
        "repo": "z7z",
        "rev": "18e094eab1cb545c86a6b6e72cc9c48db3539ddd",
        "type": "github"
      }
    }
  },
  "root": "root",
  "version": 7
}
